{
    "_meta": {
        "hash": {
            "sha256": "8e9baa8a8421bd0f32d00da242fea31517781cff7f6ca734c404d77ce747b089"
        },
        "pipfile-spec": 6,
        "requires": {
            "python_version": "3.8"
        },
        "sources": [
            {
                "name": "pypi",
                "url": "https://pypi.org/simple",
                "verify_ssl": true
            }
        ]
    },
    "default": {
        "astropy": {
            "hashes": [
                "sha256:03de1a963b7f0efba367db88529946c6fab54caca3eb9448337f6b6c8e139c48",
                "sha256:09ae780bc7e330af2394b04a43ee6fecb6c12887c62c067ee3d411dd62cc0c34",
                "sha256:0c2126668ae586cbbc8114e205f11cabf77c17cf77c9f5a98e79d9233cf809d5",
                "sha256:12feff9d55bb2e9aaf9b5724acac146244b8defc448e59d734a61a8bedb10bb8",
                "sha256:24595c4d45d088c74ebd5c57837a847c3dbe3a70b2940b045f95fd0382dc8237",
                "sha256:2b6ed8d7d4043587af62a55783f58d0d62e0e8217749c4cff721e727635dfa96",
                "sha256:2e427628c784fd76712cf717591ff94beb9c0d31e54f29b293d5a8111cd43c97",
                "sha256:395523140c8f117d6625339677b7af8c1ff5b37d78f60f0a8a94c13d8f3a6e69",
                "sha256:404200e0baa84de09ac563ad9ccab3817e9b9669d0025cee74a8752f4bc2771b",
                "sha256:472d2f8b89dd486fa4912c6885191b1774b49ed566070cdf05920487d366a181",
                "sha256:5d0615fdc11ab3446db7e1e8acb8400cbf5e7f5da6208a317de81f96f8a31402",
                "sha256:a973eaeb4667a391bc6f52ddc18ac4ea7d93af3a8cf31a9f5987abcde1f4241b",
                "sha256:b48ff0af8b784db295aae9d21b73d898d0f2f888868d8f68f0ecb08a7438a3ec",
                "sha256:ba866b243c47f1a34efe43b8e6d0e8d2630353399530e1267135d00068526283",
                "sha256:c7ab6aa080085cd0f5ed8b2734240234dd72a712c706f9de7e248b899e2ed76d",
                "sha256:e0b3e1bcb6848c9587734c8c1abcc3b7d5ae6239081ee7e49440b2f83f2de9c8"
            ],
            "index": "pypi",
            "version": "==4.0"
        },
        "numpy": {
            "hashes": [
                "sha256:1786a08236f2c92ae0e70423c45e1e62788ed33028f94ca99c4df03f5be6b3c6",
                "sha256:17aa7a81fe7599a10f2b7d95856dc5cf84a4eefa45bc96123cbbc3ebc568994e",
                "sha256:20b26aaa5b3da029942cdcce719b363dbe58696ad182aff0e5dcb1687ec946dc",
                "sha256:2d75908ab3ced4223ccba595b48e538afa5ecc37405923d1fea6906d7c3a50bc",
                "sha256:39d2c685af15d3ce682c99ce5925cc66efc824652e10990d2462dfe9b8918c6a",
                "sha256:56bc8ded6fcd9adea90f65377438f9fea8c05fcf7c5ba766bef258d0da1554aa",
                "sha256:590355aeade1a2eaba17617c19edccb7db8d78760175256e3cf94590a1a964f3",
                "sha256:70a840a26f4e61defa7bdf811d7498a284ced303dfbc35acb7be12a39b2aa121",
                "sha256:77c3bfe65d8560487052ad55c6998a04b654c2fbc36d546aef2b2e511e760971",
                "sha256:9537eecf179f566fd1c160a2e912ca0b8e02d773af0a7a1120ad4f7507cd0d26",
                "sha256:9acdf933c1fd263c513a2df3dceecea6f3ff4419d80bf238510976bf9bcb26cd",
                "sha256:ae0975f42ab1f28364dcda3dde3cf6c1ddab3e1d4b2909da0cb0191fa9ca0480",
                "sha256:b3af02ecc999c8003e538e60c89a2b37646b39b688d4e44d7373e11c2debabec",
                "sha256:b6ff59cee96b454516e47e7721098e6ceebef435e3e21ac2d6c3b8b02628eb77",
                "sha256:b765ed3930b92812aa698a455847141869ef755a87e099fddd4ccf9d81fffb57",
                "sha256:c98c5ffd7d41611407a1103ae11c8b634ad6a43606eca3e2a5a269e5d6e8eb07",
                "sha256:cf7eb6b1025d3e169989416b1adcd676624c2dbed9e3bcb7137f51bfc8cc2572",
                "sha256:d92350c22b150c1cae7ebb0ee8b5670cc84848f6359cf6b5d8f86617098a9b73",
                "sha256:e422c3152921cece8b6a2fb6b0b4d73b6579bd20ae075e7d15143e711f3ca2ca",
                "sha256:e840f552a509e3380b0f0ec977e8124d0dc34dc0e68289ca28f4d7c1d0d79474",
                "sha256:f3d0a94ad151870978fb93538e95411c83899c9dc63e6fb65542f769568ecfa5"
            ],
            "version": "==1.18.1"
        }
    },
    "develop": {}
}
